{
  "name": "Projeto_5.Alura_Books",
  "lockfileVersion": 3,
  "requires": true,
  "packages": {
    "": {
      "dependencies": {
        "check-cpf": "^1.0.1"
      }
    },
    "node_modules/check-cpf": {
      "version": "1.0.1",
      "resolved": "https://registry.npmjs.org/check-cpf/-/check-cpf-1.0.1.tgz",
      "integrity": "sha512-KH+Z6+RYg77KrmhD+xTZ5X6bHdAY2Yf+mhiZb0oN53nX25iyhqwpuaGN9b0+2iQ6e98fa1FU+uhNtEN0ai+8RQ=="
    }
  }
}
